
Microsoft Visual Studio Solution File, Format Version 12.00
# Visual Studio 15
VisualStudioVersion = 15.0.27004.2005
MinimumVisualStudioVersion = 10.0.40219.1
Project("{FAE04EC0-301F-11D3-BF4B-00C04F79EFBC}") = "TestDotNet-GitHub", "TestDotNet-GitHub\TestDotNet-GitHub.csproj", "{A601D243-19F7-4E83-95F6-7D3743A3244F}"
EndProject
Global
	GlobalSection(SolutionConfigurationPlatforms) = preSolution
		Debug|Any CPU = Debug|Any CPU
		Release|Any CPU = Release|Any CPU
	EndGlobalSection
	GlobalSection(ProjectConfigurationPlatforms) = postSolution
		{A601D243-19F7-4E83-95F6-7D3743A3244F}.Debug|Any CPU.ActiveCfg = Debug|Any CPU
		{A601D243-19F7-4E83-95F6-7D3743A3244F}.Debug|Any CPU.Build.0 = Debug|Any CPU
		{A601D243-19F7-4E83-95F6-7D3743A3244F}.Release|Any CPU.ActiveCfg = Release|Any CPU
		{A601D243-19F7-4E83-95F6-7D3743A3244F}.Release|Any CPU.Build.0 = Release|Any CPU
	EndGlobalSection
	GlobalSection(SolutionProperties) = preSolution
		HideSolutionNode = FALSE
	EndGlobalSection
	GlobalSection(ExtensibilityGlobals) = postSolution
		SolutionGuid = {518FF8E7-CCAE-4EAC-8ED0-C6726E19DC9F}
	EndGlobalSection
EndGlobal
